
Microsoft Visual Studio Solution File, Format Version 12.00
# Visual Studio Version 17
VisualStudioVersion = 17.2.32526.322
MinimumVisualStudioVersion = 10.0.40219.1
Project("{FAE04EC0-301F-11D3-BF4B-00C04F79EFBC}") = "BudgetPlannerApplication", "BudgetPlannerApplication.csproj", "{BDF5ED92-CD3D-4869-B5F9-705EEAC05182}"
EndProject
Global
	GlobalSection(SolutionConfigurationPlatforms) = preSolution
		Debug|Any CPU = Debug|Any CPU
		Release|Any CPU = Release|Any CPU
	EndGlobalSection
	GlobalSection(ProjectConfigurationPlatforms) = postSolution
		{BDF5ED92-CD3D-4869-B5F9-705EEAC05182}.Debug|Any CPU.ActiveCfg = Debug|Any CPU
		{BDF5ED92-CD3D-4869-B5F9-705EEAC05182}.Debug|Any CPU.Build.0 = Debug|Any CPU
		{BDF5ED92-CD3D-4869-B5F9-705EEAC05182}.Release|Any CPU.ActiveCfg = Release|Any CPU
		{BDF5ED92-CD3D-4869-B5F9-705EEAC05182}.Release|Any CPU.Build.0 = Release|Any CPU
	EndGlobalSection
	GlobalSection(SolutionProperties) = preSolution
		HideSolutionNode = FALSE
	EndGlobalSection
	GlobalSection(ExtensibilityGlobals) = postSolution
		SolutionGuid = {6DB8EF9B-4AD2-4EA1-AF04-D6694237F0AF}
	EndGlobalSection
EndGlobal
